// !$*UTF8*$!
{
	archiveVersion = 1;
	classes = {
	};
	objectVersion = 46;
	objects = {

/* Begin PBXBuildFile section */
		010E09F415C222F000671511 /* ListTableViewController.m in Sources */ = {isa = PBXBuildFile; fileRef = 010E09F315C222F000671511 /* ListTableViewController.m */; };
		011AEC3615C192A200F7F45A /* CustomCell.m in Sources */ = {isa = PBXBuildFile; fileRef = 011AEC3515C192A200F7F45A /* CustomCell.m */; };
		016738D015C014DA00F6861E /* UIKit.framework in Frameworks */ = {isa = PBXBuildFile; fileRef = 016738CF15C014DA00F6861E /* UIKit.framework */; };
		016738D215C014DA00F6861E /* Foundation.framework in Frameworks */ = {isa = PBXBuildFile; fileRef = 016738D115C014DA00F6861E /* Foundation.framework */; };
		016738D415C014DA00F6861E /* CoreGraphics.framework in Frameworks */ = {isa = PBXBuildFile; fileRef = 016738D315C014DA00F6861E /* CoreGraphics.framework */; };
		016738DA15C014DA00F6861E /* InfoPlist.strings in Resources */ = {isa = PBXBuildFile; fileRef = 016738D815C014DA00F6861E /* InfoPlist.strings */; };
		016738DC15C014DA00F6861E /* main.m in Sources */ = {isa = PBXBuildFile; fileRef = 016738DB15C014DA00F6861E /* main.m */; };
		016738E015C014DA00F6861E /* AppDelegate.m in Sources */ = {isa = PBXBuildFile; fileRef = 016738DF15C014DA00F6861E /* AppDelegate.m */; };
		730612D0184888C70084E9DE /* TasksTableViewController.m in Sources */ = {isa = PBXBuildFile; fileRef = 730612CF184888C70084E9DE /* TasksTableViewController.m */; };
		730612DF1848911B0084E9DE /* TaskCell.m in Sources */ = {isa = PBXBuildFile; fileRef = 730612DE1848911B0084E9DE /* TaskCell.m */; };
		730612EE1848DA9F0084E9DE /* expabar_plus.png in Resources */ = {isa = PBXBuildFile; fileRef = 730612EC1848DA9F0084E9DE /* expabar_plus.png */; };
		730613331848E10E0084E9DE /* EnergyBarViewController.m in Sources */ = {isa = PBXBuildFile; fileRef = 730613321848E10E0084E9DE /* EnergyBarViewController.m */; };
		7306133A184C824F0084E9DE /* expabar_progressdone.png in Resources */ = {isa = PBXBuildFile; fileRef = 73061338184C824F0084E9DE /* expabar_progressdone.png */; };
		7306133B184C824F0084E9DE /* expabar_progressnotdone.png in Resources */ = {isa = PBXBuildFile; fileRef = 73061339184C824F0084E9DE /* expabar_progressnotdone.png */; };
		7306133E184C86610084E9DE /* CustomProgressBar.m in Sources */ = {isa = PBXBuildFile; fileRef = 7306133D184C86610084E9DE /* CustomProgressBar.m */; };
		73061340184CAED70084E9DE /* expabar_shadow.png in Resources */ = {isa = PBXBuildFile; fileRef = 7306133F184CAED70084E9DE /* expabar_shadow.png */; };
		73061343184CB3F60084E9DE /* menu_hamburger.png in Resources */ = {isa = PBXBuildFile; fileRef = 73061341184CB3F60084E9DE /* menu_hamburger.png */; };
		73061344184CB3F60084E9DE /* menu_link.png in Resources */ = {isa = PBXBuildFile; fileRef = 73061342184CB3F60084E9DE /* menu_link.png */; };
		73061346184CB64F0084E9DE /* menu_back.png in Resources */ = {isa = PBXBuildFile; fileRef = 73061345184CB64F0084E9DE /* menu_back.png */; };
		7306134C184CCB240084E9DE /* lock_energy.png in Resources */ = {isa = PBXBuildFile; fileRef = 73061348184CCB240084E9DE /* lock_energy.png */; };
		7306134D184CCB240084E9DE /* lock_facebook.png in Resources */ = {isa = PBXBuildFile; fileRef = 73061349184CCB240084E9DE /* lock_facebook.png */; };
		7306134E184CCB240084E9DE /* lock_twitter.png in Resources */ = {isa = PBXBuildFile; fileRef = 7306134A184CCB240084E9DE /* lock_twitter.png */; };
		73061350184CD2350084E9DE /* defaultPrefs.plist in Resources */ = {isa = PBXBuildFile; fileRef = 7306134F184CD2350084E9DE /* defaultPrefs.plist */; };
		73061352184DBA690084E9DE /* expabar_thunder.png in Resources */ = {isa = PBXBuildFile; fileRef = 73061351184DBA690084E9DE /* expabar_thunder.png */; };
		73061354184DBAF20084E9DE /* SDWebImage.framework in Frameworks */ = {isa = PBXBuildFile; fileRef = 73061353184DBAF20084E9DE /* SDWebImage.framework */; };
		73061390184DBFB50084E9DE /* NSData+MKBase64.m in Sources */ = {isa = PBXBuildFile; fileRef = 7306137C184DBFB50084E9DE /* NSData+MKBase64.m */; };
		73061391184DBFB50084E9DE /* SFHFKeychainUtils.m in Sources */ = {isa = PBXBuildFile; fileRef = 7306137E184DBFB50084E9DE /* SFHFKeychainUtils.m */; };
		73061392184DBFB50084E9DE /* MKSKProduct.m in Sources */ = {isa = PBXBuildFile; fileRef = 73061380184DBFB50084E9DE /* MKSKProduct.m */; };
		73061393184DBFB50084E9DE /* MKSKSubscriptionProduct.m in Sources */ = {isa = PBXBuildFile; fileRef = 73061382184DBFB50084E9DE /* MKSKSubscriptionProduct.m */; };
		73061394184DBFB50084E9DE /* MKStoreKitConfigs.plist in Resources */ = {isa = PBXBuildFile; fileRef = 73061384184DBFB50084E9DE /* MKStoreKitConfigs.plist */; };
		73061395184DBFB50084E9DE /* MKStoreManager.m in Sources */ = {isa = PBXBuildFile; fileRef = 73061386184DBFB50084E9DE /* MKStoreManager.m */; };
		73061397184DBFB50084E9DE /* AddDevice.html in Resources */ = {isa = PBXBuildFile; fileRef = 73061389184DBFB50084E9DE /* AddDevice.html */; };
		73061398184DBFB50084E9DE /* DBSetup.sql in Resources */ = {isa = PBXBuildFile; fileRef = 7306138A184DBFB50084E9DE /* DBSetup.sql */; };
		73061399184DBFB50084E9DE /* featureCheck.php in Resources */ = {isa = PBXBuildFile; fileRef = 7306138B184DBFB50084E9DE /* featureCheck.php */; };
		7306139A184DBFB50084E9DE /* requestAccess.php in Resources */ = {isa = PBXBuildFile; fileRef = 7306138C184DBFB50084E9DE /* requestAccess.php */; };
		7306139B184DBFB50084E9DE /* verifyProduct.php in Resources */ = {isa = PBXBuildFile; fileRef = 7306138D184DBFB50084E9DE /* verifyProduct.php */; };
		7306139C184DBFB50084E9DE /* VerificationController.m in Sources */ = {isa = PBXBuildFile; fileRef = 7306138F184DBFB50084E9DE /* VerificationController.m */; };
		7306139E184DBFE00084E9DE /* StoreKit.framework in Frameworks */ = {isa = PBXBuildFile; fileRef = 7306139D184DBFE00084E9DE /* StoreKit.framework */; };
		730613A0184DBFEA0084E9DE /* Security.framework in Frameworks */ = {isa = PBXBuildFile; fileRef = 7306139F184DBFEA0084E9DE /* Security.framework */; };
		730613A9184DD04D0084E9DE /* FacebookSDK.framework in Frameworks */ = {isa = PBXBuildFile; fileRef = 730613A8184DD04D0084E9DE /* FacebookSDK.framework */; };
		730613B7184F50B00084E9DE /* tasks_complete_button.png in Resources */ = {isa = PBXBuildFile; fileRef = 730613B6184F50B00084E9DE /* tasks_complete_button.png */; };
		736AB1651846069F00F227FA /* CoreData.framework in Frameworks */ = {isa = PBXBuildFile; fileRef = 736AB1641846069F00F227FA /* CoreData.framework */; };
		7384C77118473F7A00F59D9D /* FirstLoadingViewController.m in Sources */ = {isa = PBXBuildFile; fileRef = 7384C77018473F7A00F59D9D /* FirstLoadingViewController.m */; };
		7384C774184755DB00F59D9D /* DatabaseFromUrlBridge.m in Sources */ = {isa = PBXBuildFile; fileRef = 7384C773184755DB00F59D9D /* DatabaseFromUrlBridge.m */; };
		7384C7E218478EDC00F59D9D /* ImageIO.framework in Frameworks */ = {isa = PBXBuildFile; fileRef = 7384C7E118478EDC00F59D9D /* ImageIO.framework */; };
		73C2DB6E18506D0700AF3AE1 /* Things_task.m in Sources */ = {isa = PBXBuildFile; fileRef = 73C2DB6D18506D0700AF3AE1 /* Things_task.m */; };
		73C2DB7118506D0800AF3AE1 /* Things_list.m in Sources */ = {isa = PBXBuildFile; fileRef = 73C2DB7018506D0800AF3AE1 /* Things_list.m */; };
		73C2DB7418506D0800AF3AE1 /* Things_level.m in Sources */ = {isa = PBXBuildFile; fileRef = 73C2DB7318506D0800AF3AE1 /* Things_level.m */; };
		73C7893A183E455600BD9C8E /* QuartzCore.framework in Frameworks */ = {isa = PBXBuildFile; fileRef = 73C78939183E455600BD9C8E /* QuartzCore.framework */; };
		73CFAF40184625DF008A0EA8 /* LoadSaveImageFromUrl.m in Sources */ = {isa = PBXBuildFile; fileRef = 73CFAF3F184625DF008A0EA8 /* LoadSaveImageFromUrl.m */; };
		73CFAF43184632E2008A0EA8 /* NSString+Hash.m in Sources */ = {isa = PBXBuildFile; fileRef = 73CFAF42184632E2008A0EA8 /* NSString+Hash.m */; };
		73D3B00D1833AE0300CADAD4 /* MainStoryboard_iPad.storyboard in Resources */ = {isa = PBXBuildFile; fileRef = 73D3B00B1833AE0300CADAD4 /* MainStoryboard_iPad.storyboard */; };
		73D3B0101833AF3400CADAD4 /* MainStoryboard_iPhone.storyboard in Resources */ = {isa = PBXBuildFile; fileRef = 73D3B00E1833AF3400CADAD4 /* MainStoryboard_iPhone.storyboard */; };
		73D3B0121833B16900CADAD4 /* Images.xcassets in Resources */ = {isa = PBXBuildFile; fileRef = 73D3B0111833B16900CADAD4 /* Images.xcassets */; };
		73D3B0151834BCC100CADAD4 /* MyNavigationControllerViewController.m in Sources */ = {isa = PBXBuildFile; fileRef = 73D3B0141834BCC100CADAD4 /* MyNavigationControllerViewController.m */; };
		73D6C81B1855E9A300EE610C /* TWTMenuViewController.m in Sources */ = {isa = PBXBuildFile; fileRef = 73D6C8181855E9A300EE610C /* TWTMenuViewController.m */; };
		73D6C81C1855E9A300EE610C /* TWTSideMenuViewController.m in Sources */ = {isa = PBXBuildFile; fileRef = 73D6C81A1855E9A300EE610C /* TWTSideMenuViewController.m */; };
		73EE3AF018448F5C00A24757 /* 1.jpeg in Resources */ = {isa = PBXBuildFile; fileRef = 73EE3AE618448F5C00A24757 /* 1.jpeg */; };
		73EE3AF118448F5C00A24757 /* 2.jpeg in Resources */ = {isa = PBXBuildFile; fileRef = 73EE3AE718448F5C00A24757 /* 2.jpeg */; };
		73EE3AF218448F5C00A24757 /* 3.jpeg in Resources */ = {isa = PBXBuildFile; fileRef = 73EE3AE818448F5C00A24757 /* 3.jpeg */; };
		73EE3AF318448F5C00A24757 /* 4.jpeg in Resources */ = {isa = PBXBuildFile; fileRef = 73EE3AE918448F5C00A24757 /* 4.jpeg */; };
		73EE3AF418448F5C00A24757 /* 5.jpeg in Resources */ = {isa = PBXBuildFile; fileRef = 73EE3AEA18448F5C00A24757 /* 5.jpeg */; };
		73EE3AF518448F5C00A24757 /* 6.jpeg in Resources */ = {isa = PBXBuildFile; fileRef = 73EE3AEB18448F5C00A24757 /* 6.jpeg */; };
		73EE3AF818448F5C00A24757 /* galaxy.png in Resources */ = {isa = PBXBuildFile; fileRef = 73EE3AEE18448F5C00A24757 /* galaxy.png */; };
		73EE3B771844A3FD00A24757 /* shadow.png in Resources */ = {isa = PBXBuildFile; fileRef = 73EE3B761844A3FD00A24757 /* shadow.png */; };
		73EE3B7F1844BDAA00A24757 /* avatar.jpg in Resources */ = {isa = PBXBuildFile; fileRef = 73EE3B7E1844BDAA00A24757 /* avatar.jpg */; };
		73EE3B851844CD6B00A24757 /* EmbriaRequest.mm in Sources */ = {isa = PBXBuildFile; fileRef = 73EE3B841844CD6B00A24757 /* EmbriaRequest.mm */; };
		73EE3B911845EF3400A24757 /* CommonUserDefaults.m in Sources */ = {isa = PBXBuildFile; fileRef = 73EE3B901845EF3400A24757 /* CommonUserDefaults.m */; };
		73EE3BA21845FB4400A24757 /* MainDataBase.xcdatamodeld in Sources */ = {isa = PBXBuildFile; fileRef = 73EE3B9F1845FB4400A24757 /* MainDataBase.xcdatamodeld */; };
/* End PBXBuildFile section */

/* Begin PBXFileReference section */
		010E09F215C222F000671511 /* ListTableViewController.h */ = {isa = PBXFileReference; fileEncoding = 4; lastKnownFileType = sourcecode.c.h; path = ListTableViewController.h; sourceTree = "<group>"; };
		010E09F315C222F000671511 /* ListTableViewController.m */ = {isa = PBXFileReference; fileEncoding = 4; lastKnownFileType = sourcecode.c.objc; path = ListTableViewController.m; sourceTree = "<group>"; };
		011AEC3415C192A200F7F45A /* CustomCell.h */ = {isa = PBXFileReference; fileEncoding = 4; lastKnownFileType = sourcecode.c.h; path = CustomCell.h; sourceTree = "<group>"; };
		011AEC3515C192A200F7F45A /* CustomCell.m */ = {isa = PBXFileReference; fileEncoding = 4; lastKnownFileType = sourcecode.c.objc; path = CustomCell.m; sourceTree = "<group>"; };
		016738CB15C014D900F6861E /* 100GreatestThings.app */ = {isa = PBXFileReference; explicitFileType = wrapper.application; includeInIndex = 0; path = 100GreatestThings.app; sourceTree = BUILT_PRODUCTS_DIR; };
		016738CF15C014DA00F6861E /* UIKit.framework */ = {isa = PBXFileReference; lastKnownFileType = wrapper.framework; name = UIKit.framework; path = System/Library/Frameworks/UIKit.framework; sourceTree = SDKROOT; };
		016738D115C014DA00F6861E /* Foundation.framework */ = {isa = PBXFileReference; lastKnownFileType = wrapper.framework; name = Foundation.framework; path = System/Library/Frameworks/Foundation.framework; sourceTree = SDKROOT; };
		016738D315C014DA00F6861E /* CoreGraphics.framework */ = {isa = PBXFileReference; lastKnownFileType = wrapper.framework; name = CoreGraphics.framework; path = System/Library/Frameworks/CoreGraphics.framework; sourceTree = SDKROOT; };
		016738D715C014DA00F6861E /* 100GreatestThings-Info.plist */ = {isa = PBXFileReference; lastKnownFileType = text.plist.xml; path = "100GreatestThings-Info.plist"; sourceTree = "<group>"; };
		016738D915C014DA00F6861E /* en */ = {isa = PBXFileReference; lastKnownFileType = text.plist.strings; name = en; path = en.lproj/InfoPlist.strings; sourceTree = "<group>"; };
		016738DB15C014DA00F6861E /* main.m */ = {isa = PBXFileReference; lastKnownFileType = sourcecode.c.objc; path = main.m; sourceTree = "<group>"; };
		016738DD15C014DA00F6861E /* 100GreatestThings-Prefix.pch */ = {isa = PBXFileReference; lastKnownFileType = sourcecode.c.h; path = "100GreatestThings-Prefix.pch"; sourceTree = "<group>"; };
		016738DE15C014DA00F6861E /* AppDelegate.h */ = {isa = PBXFileReference; lastKnownFileType = sourcecode.c.h; path = AppDelegate.h; sourceTree = "<group>"; };
		016738DF15C014DA00F6861E /* AppDelegate.m */ = {isa = PBXFileReference; lastKnownFileType = sourcecode.c.objc; path = AppDelegate.m; sourceTree = "<group>"; };
		730612CE184888C70084E9DE /* TasksTableViewController.h */ = {isa = PBXFileReference; fileEncoding = 4; lastKnownFileType = sourcecode.c.h; path = TasksTableViewController.h; sourceTree = "<group>"; };
		730612CF184888C70084E9DE /* TasksTableViewController.m */ = {isa = PBXFileReference; fileEncoding = 4; lastKnownFileType = sourcecode.c.objc; path = TasksTableViewController.m; sourceTree = "<group>"; };
		730612DD1848911B0084E9DE /* TaskCell.h */ = {isa = PBXFileReference; fileEncoding = 4; lastKnownFileType = sourcecode.c.h; name = TaskCell.h; path = 100GreatestThings/TaskCell.h; sourceTree = SOURCE_ROOT; };
		730612DE1848911B0084E9DE /* TaskCell.m */ = {isa = PBXFileReference; fileEncoding = 4; lastKnownFileType = sourcecode.c.objc; name = TaskCell.m; path = 100GreatestThings/TaskCell.m; sourceTree = SOURCE_ROOT; };
		730612EC1848DA9F0084E9DE /* expabar_plus.png */ = {isa = PBXFileReference; lastKnownFileType = image.png; path = expabar_plus.png; sourceTree = "<group>"; };
		730613311848E10E0084E9DE /* EnergyBarViewController.h */ = {isa = PBXFileReference; fileEncoding = 4; lastKnownFileType = sourcecode.c.h; path = EnergyBarViewController.h; sourceTree = "<group>"; };
		730613321848E10E0084E9DE /* EnergyBarViewController.m */ = {isa = PBXFileReference; fileEncoding = 4; lastKnownFileType = sourcecode.c.objc; path = EnergyBarViewController.m; sourceTree = "<group>"; };
		73061338184C824F0084E9DE /* expabar_progressdone.png */ = {isa = PBXFileReference; lastKnownFileType = image.png; path = expabar_progressdone.png; sourceTree = "<group>"; };
		73061339184C824F0084E9DE /* expabar_progressnotdone.png */ = {isa = PBXFileReference; lastKnownFileType = image.png; path = expabar_progressnotdone.png; sourceTree = "<group>"; };
		7306133C184C86610084E9DE /* CustomProgressBar.h */ = {isa = PBXFileReference; fileEncoding = 4; lastKnownFileType = sourcecode.c.h; path = CustomProgressBar.h; sourceTree = "<group>"; };
		7306133D184C86610084E9DE /* CustomProgressBar.m */ = {isa = PBXFileReference; fileEncoding = 4; lastKnownFileType = sourcecode.c.objc; path = CustomProgressBar.m; sourceTree = "<group>"; };
		7306133F184CAED70084E9DE /* expabar_shadow.png */ = {isa = PBXFileReference; lastKnownFileType = image.png; path = expabar_shadow.png; sourceTree = "<group>"; };
		73061341184CB3F60084E9DE /* menu_hamburger.png */ = {isa = PBXFileReference; lastKnownFileType = image.png; path = menu_hamburger.png; sourceTree = "<group>"; };
		73061342184CB3F60084E9DE /* menu_link.png */ = {isa = PBXFileReference; lastKnownFileType = image.png; path = menu_link.png; sourceTree = "<group>"; };
		73061345184CB64F0084E9DE /* menu_back.png */ = {isa = PBXFileReference; lastKnownFileType = image.png; path = menu_back.png; sourceTree = "<group>"; };
		73061348184CCB240084E9DE /* lock_energy.png */ = {isa = PBXFileReference; lastKnownFileType = image.png; path = lock_energy.png; sourceTree = "<group>"; };
		73061349184CCB240084E9DE /* lock_facebook.png */ = {isa = PBXFileReference; lastKnownFileType = image.png; path = lock_facebook.png; sourceTree = "<group>"; };
		7306134A184CCB240084E9DE /* lock_twitter.png */ = {isa = PBXFileReference; lastKnownFileType = image.png; path = lock_twitter.png; sourceTree = "<group>"; };
		7306134F184CD2350084E9DE /* defaultPrefs.plist */ = {isa = PBXFileReference; fileEncoding = 4; lastKnownFileType = text.plist.xml; path = defaultPrefs.plist; sourceTree = "<group>"; };
		73061351184DBA690084E9DE /* expabar_thunder.png */ = {isa = PBXFileReference; lastKnownFileType = image.png; path = expabar_thunder.png; sourceTree = "<group>"; };
		73061353184DBAF20084E9DE /* SDWebImage.framework */ = {isa = PBXFileReference; lastKnownFileType = wrapper.framework; path = SDWebImage.framework; sourceTree = "<group>"; };
		7306137B184DBFB50084E9DE /* NSData+MKBase64.h */ = {isa = PBXFileReference; fileEncoding = 4; lastKnownFileType = sourcecode.c.h; path = "NSData+MKBase64.h"; sourceTree = "<group>"; };
		7306137C184DBFB50084E9DE /* NSData+MKBase64.m */ = {isa = PBXFileReference; fileEncoding = 4; lastKnownFileType = sourcecode.c.objc; path = "NSData+MKBase64.m"; sourceTree = "<group>"; };
		7306137D184DBFB50084E9DE /* SFHFKeychainUtils.h */ = {isa = PBXFileReference; fileEncoding = 4; lastKnownFileType = sourcecode.c.h; path = SFHFKeychainUtils.h; sourceTree = "<group>"; };
		7306137E184DBFB50084E9DE /* SFHFKeychainUtils.m */ = {isa = PBXFileReference; fileEncoding = 4; lastKnownFileType = sourcecode.c.objc; path = SFHFKeychainUtils.m; sourceTree = "<group>"; };
		7306137F184DBFB50084E9DE /* MKSKProduct.h */ = {isa = PBXFileReference; fileEncoding = 4; lastKnownFileType = sourcecode.c.h; path = MKSKProduct.h; sourceTree = "<group>"; };
		73061380184DBFB50084E9DE /* MKSKProduct.m */ = {isa = PBXFileReference; fileEncoding = 4; lastKnownFileType = sourcecode.c.objc; path = MKSKProduct.m; sourceTree = "<group>"; };
		73061381184DBFB50084E9DE /* MKSKSubscriptionProduct.h */ = {isa = PBXFileReference; fileEncoding = 4; lastKnownFileType = sourcecode.c.h; path = MKSKSubscriptionProduct.h; sourceTree = "<group>"; };
		73061382184DBFB50084E9DE /* MKSKSubscriptionProduct.m */ = {isa = PBXFileReference; fileEncoding = 4; lastKnownFileType = sourcecode.c.objc; path = MKSKSubscriptionProduct.m; sourceTree = "<group>"; };
		73061383184DBFB50084E9DE /* MKStoreKitConfigs.h */ = {isa = PBXFileReference; fileEncoding = 4; lastKnownFileType = sourcecode.c.h; path = MKStoreKitConfigs.h; sourceTree = "<group>"; };
		73061384184DBFB50084E9DE /* MKStoreKitConfigs.plist */ = {isa = PBXFileReference; fileEncoding = 4; lastKnownFileType = text.plist.xml; path = MKStoreKitConfigs.plist; sourceTree = "<group>"; };
		73061385184DBFB50084E9DE /* MKStoreManager.h */ = {isa = PBXFileReference; fileEncoding = 4; lastKnownFileType = sourcecode.c.h; path = MKStoreManager.h; sourceTree = "<group>"; };
		73061386184DBFB50084E9DE /* MKStoreManager.m */ = {isa = PBXFileReference; fileEncoding = 4; lastKnownFileType = sourcecode.c.objc; path = MKStoreManager.m; sourceTree = "<group>"; };
		73061389184DBFB50084E9DE /* AddDevice.html */ = {isa = PBXFileReference; fileEncoding = 4; lastKnownFileType = text.html; path = AddDevice.html; sourceTree = "<group>"; };
		7306138A184DBFB50084E9DE /* DBSetup.sql */ = {isa = PBXFileReference; fileEncoding = 4; lastKnownFileType = text; path = DBSetup.sql; sourceTree = "<group>"; };
		7306138B184DBFB50084E9DE /* featureCheck.php */ = {isa = PBXFileReference; fileEncoding = 4; lastKnownFileType = text.script.php; path = featureCheck.php; sourceTree = "<group>"; };
		7306138C184DBFB50084E9DE /* requestAccess.php */ = {isa = PBXFileReference; fileEncoding = 4; lastKnownFileType = text.script.php; path = requestAccess.php; sourceTree = "<group>"; };
		7306138D184DBFB50084E9DE /* verifyProduct.php */ = {isa = PBXFileReference; fileEncoding = 4; lastKnownFileType = text.script.php; path = verifyProduct.php; sourceTree = "<group>"; };
		7306138E184DBFB50084E9DE /* VerificationController.h */ = {isa = PBXFileReference; fileEncoding = 4; lastKnownFileType = sourcecode.c.h; path = VerificationController.h; sourceTree = "<group>"; };
		7306138F184DBFB50084E9DE /* VerificationController.m */ = {isa = PBXFileReference; fileEncoding = 4; lastKnownFileType = sourcecode.c.objc; path = VerificationController.m; sourceTree = "<group>"; };
		7306139D184DBFE00084E9DE /* StoreKit.framework */ = {isa = PBXFileReference; lastKnownFileType = wrapper.framework; name = StoreKit.framework; path = System/Library/Frameworks/StoreKit.framework; sourceTree = SDKROOT; };
		7306139F184DBFEA0084E9DE /* Security.framework */ = {isa = PBXFileReference; lastKnownFileType = wrapper.framework; name = Security.framework; path = System/Library/Frameworks/Security.framework; sourceTree = SDKROOT; };
		730613A8184DD04D0084E9DE /* FacebookSDK.framework */ = {isa = PBXFileReference; lastKnownFileType = wrapper.framework; path = FacebookSDK.framework; sourceTree = "<group>"; };
		730613B6184F50B00084E9DE /* tasks_complete_button.png */ = {isa = PBXFileReference; lastKnownFileType = image.png; path = tasks_complete_button.png; sourceTree = "<group>"; };
		736AB1641846069F00F227FA /* CoreData.framework */ = {isa = PBXFileReference; lastKnownFileType = wrapper.framework; name = CoreData.framework; path = System/Library/Frameworks/CoreData.framework; sourceTree = SDKROOT; };
		7384C76F18473F7900F59D9D /* FirstLoadingViewController.h */ = {isa = PBXFileReference; fileEncoding = 4; lastKnownFileType = sourcecode.c.h; path = FirstLoadingViewController.h; sourceTree = "<group>"; };
		7384C77018473F7A00F59D9D /* FirstLoadingViewController.m */ = {isa = PBXFileReference; fileEncoding = 4; lastKnownFileType = sourcecode.c.objc; path = FirstLoadingViewController.m; sourceTree = "<group>"; };
		7384C772184755DB00F59D9D /* DatabaseFromUrlBridge.h */ = {isa = PBXFileReference; fileEncoding = 4; lastKnownFileType = sourcecode.c.h; path = DatabaseFromUrlBridge.h; sourceTree = "<group>"; };
		7384C773184755DB00F59D9D /* DatabaseFromUrlBridge.m */ = {isa = PBXFileReference; fileEncoding = 4; lastKnownFileType = sourcecode.c.objc; path = DatabaseFromUrlBridge.m; sourceTree = "<group>"; };
		7384C7E118478EDC00F59D9D /* ImageIO.framework */ = {isa = PBXFileReference; lastKnownFileType = wrapper.framework; name = ImageIO.framework; path = System/Library/Frameworks/ImageIO.framework; sourceTree = SDKROOT; };
		73C2DB6C18506D0700AF3AE1 /* Things_task.h */ = {isa = PBXFileReference; fileEncoding = 4; lastKnownFileType = sourcecode.c.h; path = Things_task.h; sourceTree = "<group>"; };
		73C2DB6D18506D0700AF3AE1 /* Things_task.m */ = {isa = PBXFileReference; fileEncoding = 4; lastKnownFileType = sourcecode.c.objc; path = Things_task.m; sourceTree = "<group>"; };
		73C2DB6F18506D0800AF3AE1 /* Things_list.h */ = {isa = PBXFileReference; fileEncoding = 4; lastKnownFileType = sourcecode.c.h; path = Things_list.h; sourceTree = "<group>"; };
		73C2DB7018506D0800AF3AE1 /* Things_list.m */ = {isa = PBXFileReference; fileEncoding = 4; lastKnownFileType = sourcecode.c.objc; path = Things_list.m; sourceTree = "<group>"; };
		73C2DB7218506D0800AF3AE1 /* Things_level.h */ = {isa = PBXFileReference; fileEncoding = 4; lastKnownFileType = sourcecode.c.h; path = Things_level.h; sourceTree = "<group>"; };
		73C2DB7318506D0800AF3AE1 /* Things_level.m */ = {isa = PBXFileReference; fileEncoding = 4; lastKnownFileType = sourcecode.c.objc; path = Things_level.m; sourceTree = "<group>"; };
		73C78939183E455600BD9C8E /* QuartzCore.framework */ = {isa = PBXFileReference; lastKnownFileType = wrapper.framework; name = QuartzCore.framework; path = System/Library/Frameworks/QuartzCore.framework; sourceTree = SDKROOT; };
		73CFAF3E184625DF008A0EA8 /* LoadSaveImageFromUrl.h */ = {isa = PBXFileReference; fileEncoding = 4; lastKnownFileType = sourcecode.c.h; path = LoadSaveImageFromUrl.h; sourceTree = "<group>"; };
		73CFAF3F184625DF008A0EA8 /* LoadSaveImageFromUrl.m */ = {isa = PBXFileReference; fileEncoding = 4; lastKnownFileType = sourcecode.c.objc; path = LoadSaveImageFromUrl.m; sourceTree = "<group>"; };
		73CFAF4118463272008A0EA8 /* NSString+Hash.h */ = {isa = PBXFileReference; fileEncoding = 4; lastKnownFileType = sourcecode.c.h; path = "NSString+Hash.h"; sourceTree = "<group>"; };
		73CFAF42184632E2008A0EA8 /* NSString+Hash.m */ = {isa = PBXFileReference; fileEncoding = 4; lastKnownFileType = sourcecode.c.objc; path = "NSString+Hash.m"; sourceTree = "<group>"; };
		73D3B00C1833AE0300CADAD4 /* en */ = {isa = PBXFileReference; lastKnownFileType = file.storyboard; name = en; path = en.lproj/MainStoryboard_iPad.storyboard; sourceTree = "<group>"; };
		73D3B00F1833AF3400CADAD4 /* en */ = {isa = PBXFileReference; lastKnownFileType = file.storyboard; name = en; path = en.lproj/MainStoryboard_iPhone.storyboard; sourceTree = "<group>"; };
		73D3B0111833B16900CADAD4 /* Images.xcassets */ = {isa = PBXFileReference; lastKnownFileType = folder.assetcatalog; path = Images.xcassets; sourceTree = "<group>"; };
		73D3B0131834BCC100CADAD4 /* MyNavigationControllerViewController.h */ = {isa = PBXFileReference; fileEncoding = 4; lastKnownFileType = sourcecode.c.h; path = MyNavigationControllerViewController.h; sourceTree = "<group>"; };
		73D3B0141834BCC100CADAD4 /* MyNavigationControllerViewController.m */ = {isa = PBXFileReference; fileEncoding = 4; lastKnownFileType = sourcecode.c.objc; path = MyNavigationControllerViewController.m; sourceTree = "<group>"; };
		73D6C8171855E9A300EE610C /* TWTMenuViewController.h */ = {isa = PBXFileReference; fileEncoding = 4; lastKnownFileType = sourcecode.c.h; path = TWTMenuViewController.h; sourceTree = "<group>"; };
		73D6C8181855E9A300EE610C /* TWTMenuViewController.m */ = {isa = PBXFileReference; fileEncoding = 4; lastKnownFileType = sourcecode.c.objc; path = TWTMenuViewController.m; sourceTree = "<group>"; };
		73D6C8191855E9A300EE610C /* TWTSideMenuViewController.h */ = {isa = PBXFileReference; fileEncoding = 4; lastKnownFileType = sourcecode.c.h; path = TWTSideMenuViewController.h; sourceTree = "<group>"; };
		73D6C81A1855E9A300EE610C /* TWTSideMenuViewController.m */ = {isa = PBXFileReference; fileEncoding = 4; lastKnownFileType = sourcecode.c.objc; path = TWTSideMenuViewController.m; sourceTree = "<group>"; };
		73EE3AE618448F5C00A24757 /* 1.jpeg */ = {isa = PBXFileReference; lastKnownFileType = image.jpeg; path = 1.jpeg; sourceTree = "<group>"; };
		73EE3AE718448F5C00A24757 /* 2.jpeg */ = {isa = PBXFileReference; lastKnownFileType = image.jpeg; path = 2.jpeg; sourceTree = "<group>"; };
		73EE3AE818448F5C00A24757 /* 3.jpeg */ = {isa = PBXFileReference; lastKnownFileType = image.jpeg; path = 3.jpeg; sourceTree = "<group>"; };
		73EE3AE918448F5C00A24757 /* 4.jpeg */ = {isa = PBXFileReference; lastKnownFileType = image.jpeg; path = 4.jpeg; sourceTree = "<group>"; };
		73EE3AEA18448F5C00A24757 /* 5.jpeg */ = {isa = PBXFileReference; lastKnownFileType = image.jpeg; path = 5.jpeg; sourceTree = "<group>"; };
		73EE3AEB18448F5C00A24757 /* 6.jpeg */ = {isa = PBXFileReference; lastKnownFileType = image.jpeg; path = 6.jpeg; sourceTree = "<group>"; };
		73EE3AEE18448F5C00A24757 /* galaxy.png */ = {isa = PBXFileReference; lastKnownFileType = image.png; path = galaxy.png; sourceTree = "<group>"; };
		73EE3B761844A3FD00A24757 /* shadow.png */ = {isa = PBXFileReference; lastKnownFileType = image.png; path = shadow.png; sourceTree = "<group>"; };
		73EE3B7E1844BDAA00A24757 /* avatar.jpg */ = {isa = PBXFileReference; lastKnownFileType = image.jpeg; path = avatar.jpg; sourceTree = "<group>"; };
		73EE3B831844CD6B00A24757 /* EmbriaRequest.h */ = {isa = PBXFileReference; fileEncoding = 4; lastKnownFileType = sourcecode.c.h; path = EmbriaRequest.h; sourceTree = "<group>"; };
		73EE3B841844CD6B00A24757 /* EmbriaRequest.mm */ = {isa = PBXFileReference; fileEncoding = 4; lastKnownFileType = sourcecode.cpp.objcpp; path = EmbriaRequest.mm; sourceTree = "<group>"; };
		73EE3B8F1845EF3400A24757 /* CommonUserDefaults.h */ = {isa = PBXFileReference; fileEncoding = 4; lastKnownFileType = sourcecode.c.h; path = CommonUserDefaults.h; sourceTree = "<group>"; };
		73EE3B901845EF3400A24757 /* CommonUserDefaults.m */ = {isa = PBXFileReference; fileEncoding = 4; lastKnownFileType = sourcecode.c.objc; path = CommonUserDefaults.m; sourceTree = "<group>"; };
		73EE3BA01845FB4400A24757 /* MainDataBase.xcdatamodel */ = {isa = PBXFileReference; lastKnownFileType = wrapper.xcdatamodel; path = MainDataBase.xcdatamodel; sourceTree = "<group>"; };
/* End PBXFileReference section */

/* Begin PBXFrameworksBuildPhase section */
		016738C815C014D900F6861E /* Frameworks */ = {
			isa = PBXFrameworksBuildPhase;
			buildActionMask = 2147483647;
			files = (
				730613A0184DBFEA0084E9DE /* Security.framework in Frameworks */,
				730613A9184DD04D0084E9DE /* FacebookSDK.framework in Frameworks */,
				7306139E184DBFE00084E9DE /* StoreKit.framework in Frameworks */,
				7384C7E218478EDC00F59D9D /* ImageIO.framework in Frameworks */,
				736AB1651846069F00F227FA /* CoreData.framework in Frameworks */,
				73C7893A183E455600BD9C8E /* QuartzCore.framework in Frameworks */,
				016738D015C014DA00F6861E /* UIKit.framework in Frameworks */,
				73061354184DBAF20084E9DE /* SDWebImage.framework in Frameworks */,
				016738D215C014DA00F6861E /* Foundation.framework in Frameworks */,
				016738D415C014DA00F6861E /* CoreGraphics.framework in Frameworks */,
			);
			runOnlyForDeploymentPostprocessing = 0;
		};
/* End PBXFrameworksBuildPhase section */

/* Begin PBXGroup section */
		016738C015C014D900F6861E = {
			isa = PBXGroup;
			children = (
				016738D515C014DA00F6861E /* 100GreatestThings */,
				016738CE15C014D900F6861E /* Frameworks */,
				016738CC15C014D900F6861E /* Products */,
			);
			sourceTree = "<group>";
		};
		016738CC15C014D900F6861E /* Products */ = {
			isa = PBXGroup;
			children = (
				016738CB15C014D900F6861E /* 100GreatestThings.app */,
			);
			name = Products;
			sourceTree = "<group>";
		};
		016738CE15C014D900F6861E /* Frameworks */ = {
			isa = PBXGroup;
			children = (
				7306139F184DBFEA0084E9DE /* Security.framework */,
				7306139D184DBFE00084E9DE /* StoreKit.framework */,
				7384C7E118478EDC00F59D9D /* ImageIO.framework */,
				736AB1641846069F00F227FA /* CoreData.framework */,
				73C78939183E455600BD9C8E /* QuartzCore.framework */,
				016738CF15C014DA00F6861E /* UIKit.framework */,
				016738D115C014DA00F6861E /* Foundation.framework */,
				016738D315C014DA00F6861E /* CoreGraphics.framework */,
			);
			name = Frameworks;
			sourceTree = "<group>";
		};
		016738D515C014DA00F6861E /* 100GreatestThings */ = {
			isa = PBXGroup;
			children = (
				73EE3B9C1845FB4400A24757 /* CoreData */,
				73EE3B8E1845EEE500A24757 /* Common */,
				73EE3B821844CD6B00A24757 /* Requests */,
				73D3B00E1833AF3400CADAD4 /* MainStoryboard_iPhone.storyboard */,
				73D3B00B1833AE0300CADAD4 /* MainStoryboard_iPad.storyboard */,
				7384C76F18473F7900F59D9D /* FirstLoadingViewController.h */,
				7384C77018473F7A00F59D9D /* FirstLoadingViewController.m */,
				010E09F215C222F000671511 /* ListTableViewController.h */,
				010E09F315C222F000671511 /* ListTableViewController.m */,
				730612CE184888C70084E9DE /* TasksTableViewController.h */,
				730612CF184888C70084E9DE /* TasksTableViewController.m */,
				011AEC3415C192A200F7F45A /* CustomCell.h */,
				011AEC3515C192A200F7F45A /* CustomCell.m */,
				730612DD1848911B0084E9DE /* TaskCell.h */,
				730612DE1848911B0084E9DE /* TaskCell.m */,
				73D3B0131834BCC100CADAD4 /* MyNavigationControllerViewController.h */,
				73D3B0141834BCC100CADAD4 /* MyNavigationControllerViewController.m */,
				016738DE15C014DA00F6861E /* AppDelegate.h */,
				016738DF15C014DA00F6861E /* AppDelegate.m */,
				730613311848E10E0084E9DE /* EnergyBarViewController.h */,
				730613321848E10E0084E9DE /* EnergyBarViewController.m */,
				7306133C184C86610084E9DE /* CustomProgressBar.h */,
				7306133D184C86610084E9DE /* CustomProgressBar.m */,
				73D3B0111833B16900CADAD4 /* Images.xcassets */,
				016738D615C014DA00F6861E /* Supporting Files */,
				73EE3AFC1844913E00A24757 /* Library */,
				73EE3AE418448F5C00A24757 /* Resources */,
			);
			path = 100GreatestThings;
			sourceTree = "<group>";
		};
		016738D615C014DA00F6861E /* Supporting Files */ = {
			isa = PBXGroup;
			children = (
				7306134F184CD2350084E9DE /* defaultPrefs.plist */,
				016738D715C014DA00F6861E /* 100GreatestThings-Info.plist */,
				016738D815C014DA00F6861E /* InfoPlist.strings */,
				016738DB15C014DA00F6861E /* main.m */,
				016738DD15C014DA00F6861E /* 100GreatestThings-Prefix.pch */,
			);
			name = "Supporting Files";
			sourceTree = "<group>";
		};
		73061379184DBFB50084E9DE /* MKStoreKit */ = {
			isa = PBXGroup;
			children = (
				7306137A184DBFB50084E9DE /* Externals */,
				7306137F184DBFB50084E9DE /* MKSKProduct.h */,
				73061380184DBFB50084E9DE /* MKSKProduct.m */,
				73061381184DBFB50084E9DE /* MKSKSubscriptionProduct.h */,
				73061382184DBFB50084E9DE /* MKSKSubscriptionProduct.m */,
				73061383184DBFB50084E9DE /* MKStoreKitConfigs.h */,
				73061384184DBFB50084E9DE /* MKStoreKitConfigs.plist */,
				73061385184DBFB50084E9DE /* MKStoreManager.h */,
				73061386184DBFB50084E9DE /* MKStoreManager.m */,
				73061388184DBFB50084E9DE /* Server Code */,
				7306138E184DBFB50084E9DE /* VerificationController.h */,
				7306138F184DBFB50084E9DE /* VerificationController.m */,
			);
			path = MKStoreKit;
			sourceTree = "<group>";
		};
		7306137A184DBFB50084E9DE /* Externals */ = {
			isa = PBXGroup;
			children = (
				7306137B184DBFB50084E9DE /* NSData+MKBase64.h */,
				7306137C184DBFB50084E9DE /* NSData+MKBase64.m */,
				7306137D184DBFB50084E9DE /* SFHFKeychainUtils.h */,
				7306137E184DBFB50084E9DE /* SFHFKeychainUtils.m */,
			);
			path = Externals;
			sourceTree = "<group>";
		};
		73061388184DBFB50084E9DE /* Server Code */ = {
			isa = PBXGroup;
			children = (
				73061389184DBFB50084E9DE /* AddDevice.html */,
				7306138A184DBFB50084E9DE /* DBSetup.sql */,
				7306138B184DBFB50084E9DE /* featureCheck.php */,
				7306138C184DBFB50084E9DE /* requestAccess.php */,
				7306138D184DBFB50084E9DE /* verifyProduct.php */,
			);
			path = "Server Code";
			sourceTree = "<group>";
		};
		73D6C8161855E9A300EE610C /* TWTSideMenuViewController */ = {
			isa = PBXGroup;
			children = (
				73D6C8171855E9A300EE610C /* TWTMenuViewController.h */,
				73D6C8181855E9A300EE610C /* TWTMenuViewController.m */,
				73D6C8191855E9A300EE610C /* TWTSideMenuViewController.h */,
				73D6C81A1855E9A300EE610C /* TWTSideMenuViewController.m */,
			);
			path = TWTSideMenuViewController;
			sourceTree = "<group>";
		};
		73EE3AE418448F5C00A24757 /* Resources */ = {
			isa = PBXGroup;
			children = (
				73EE3AE518448F5C00A24757 /* Textures */,
			);
			path = Resources;
			sourceTree = "<group>";
		};
		73EE3AE518448F5C00A24757 /* Textures */ = {
			isa = PBXGroup;
			children = (
				730613B6184F50B00084E9DE /* tasks_complete_button.png */,
				73061348184CCB240084E9DE /* lock_energy.png */,
				73061349184CCB240084E9DE /* lock_facebook.png */,
				7306134A184CCB240084E9DE /* lock_twitter.png */,
				7306133F184CAED70084E9DE /* expabar_shadow.png */,
				73061338184C824F0084E9DE /* expabar_progressdone.png */,
				73061345184CB64F0084E9DE /* menu_back.png */,
				73061351184DBA690084E9DE /* expabar_thunder.png */,
				73061339184C824F0084E9DE /* expabar_progressnotdone.png */,
				730612EC1848DA9F0084E9DE /* expabar_plus.png */,
				73061341184CB3F60084E9DE /* menu_hamburger.png */,
				73061342184CB3F60084E9DE /* menu_link.png */,
				73EE3B7E1844BDAA00A24757 /* avatar.jpg */,
				73EE3AE618448F5C00A24757 /* 1.jpeg */,
				73EE3AE718448F5C00A24757 /* 2.jpeg */,
				73EE3AE818448F5C00A24757 /* 3.jpeg */,
				73EE3AE918448F5C00A24757 /* 4.jpeg */,
				73EE3AEA18448F5C00A24757 /* 5.jpeg */,
				73EE3AEB18448F5C00A24757 /* 6.jpeg */,
				73EE3AEE18448F5C00A24757 /* galaxy.png */,
				73EE3B761844A3FD00A24757 /* shadow.png */,
			);
			path = Textures;
			sourceTree = "<group>";
		};
		73EE3AFC1844913E00A24757 /* Library */ = {
			isa = PBXGroup;
			children = (
				73D6C8161855E9A300EE610C /* TWTSideMenuViewController */,
				730613A8184DD04D0084E9DE /* FacebookSDK.framework */,
				73061379184DBFB50084E9DE /* MKStoreKit */,
				73061353184DBAF20084E9DE /* SDWebImage.framework */,
			);
			path = Library;
			sourceTree = "<group>";
		};
		73EE3B821844CD6B00A24757 /* Requests */ = {
			isa = PBXGroup;
			children = (
				73EE3B831844CD6B00A24757 /* EmbriaRequest.h */,
				73EE3B841844CD6B00A24757 /* EmbriaRequest.mm */,
			);
			path = Requests;
			sourceTree = "<group>";
		};
		73EE3B8E1845EEE500A24757 /* Common */ = {
			isa = PBXGroup;
			children = (
				7384C772184755DB00F59D9D /* DatabaseFromUrlBridge.h */,
				7384C773184755DB00F59D9D /* DatabaseFromUrlBridge.m */,
				73EE3B8F1845EF3400A24757 /* CommonUserDefaults.h */,
				73EE3B901845EF3400A24757 /* CommonUserDefaults.m */,
				73CFAF3E184625DF008A0EA8 /* LoadSaveImageFromUrl.h */,
				73CFAF3F184625DF008A0EA8 /* LoadSaveImageFromUrl.m */,
				73CFAF4118463272008A0EA8 /* NSString+Hash.h */,
				73CFAF42184632E2008A0EA8 /* NSString+Hash.m */,
			);
			path = Common;
			sourceTree = "<group>";
		};
		73EE3B9C1845FB4400A24757 /* CoreData */ = {
			isa = PBXGroup;
			children = (
				73EE3B9F1845FB4400A24757 /* MainDataBase.xcdatamodeld */,
				73C2DB7218506D0800AF3AE1 /* Things_level.h */,
				73C2DB7318506D0800AF3AE1 /* Things_level.m */,
				73C2DB6F18506D0800AF3AE1 /* Things_list.h */,
				73C2DB7018506D0800AF3AE1 /* Things_list.m */,
				73C2DB6C18506D0700AF3AE1 /* Things_task.h */,
				73C2DB6D18506D0700AF3AE1 /* Things_task.m */,
			);
			path = CoreData;
			sourceTree = "<group>";
		};
/* End PBXGroup section */

/* Begin PBXNativeTarget section */
		016738CA15C014D900F6861E /* 100GreatestThings */ = {
			isa = PBXNativeTarget;
			buildConfigurationList = 016738E915C014DA00F6861E /* Build configuration list for PBXNativeTarget "100GreatestThings" */;
			buildPhases = (
				016738C715C014D900F6861E /* Sources */,
				016738C815C014D900F6861E /* Frameworks */,
				016738C915C014D900F6861E /* Resources */,
			);
			buildRules = (
			);
			dependencies = (
			);
			name = 100GreatestThings;
			productName = 100GreatestThings;
			productReference = 016738CB15C014D900F6861E /* 100GreatestThings.app */;
			productType = "com.apple.product-type.application";
		};
/* End PBXNativeTarget section */

/* Begin PBXProject section */
		016738C215C014D900F6861E /* Project object */ = {
			isa = PBXProject;
			attributes = {
				LastUpgradeCheck = 0500;
				ORGANIZATIONNAME = MyCompanyName;
			};
			buildConfigurationList = 016738C515C014D900F6861E /* Build configuration list for PBXProject "100GreatestThings" */;
			compatibilityVersion = "Xcode 3.2";
			developmentRegion = English;
			hasScannedForEncodings = 0;
			knownRegions = (
				en,
			);
			mainGroup = 016738C015C014D900F6861E;
			productRefGroup = 016738CC15C014D900F6861E /* Products */;
			projectDirPath = "";
			projectRoot = "";
			targets = (
				016738CA15C014D900F6861E /* 100GreatestThings */,
			);
		};
/* End PBXProject section */

/* Begin PBXResourcesBuildPhase section */
		016738C915C014D900F6861E /* Resources */ = {
			isa = PBXResourcesBuildPhase;
			buildActionMask = 2147483647;
			files = (
				73061398184DBFB50084E9DE /* DBSetup.sql in Resources */,
				730612EE1848DA9F0084E9DE /* expabar_plus.png in Resources */,
				73061397184DBFB50084E9DE /* AddDevice.html in Resources */,
				73EE3AF518448F5C00A24757 /* 6.jpeg in Resources */,
				7306133B184C824F0084E9DE /* expabar_progressnotdone.png in Resources */,
				730613B7184F50B00084E9DE /* tasks_complete_button.png in Resources */,
				73EE3AF018448F5C00A24757 /* 1.jpeg in Resources */,
				016738DA15C014DA00F6861E /* InfoPlist.strings in Resources */,
				7306134C184CCB240084E9DE /* lock_energy.png in Resources */,
				7306134D184CCB240084E9DE /* lock_facebook.png in Resources */,
				73EE3AF418448F5C00A24757 /* 5.jpeg in Resources */,
				73061352184DBA690084E9DE /* expabar_thunder.png in Resources */,
				73EE3AF818448F5C00A24757 /* galaxy.png in Resources */,
				73061340184CAED70084E9DE /* expabar_shadow.png in Resources */,
				73061346184CB64F0084E9DE /* menu_back.png in Resources */,
				73EE3AF118448F5C00A24757 /* 2.jpeg in Resources */,
				7306133A184C824F0084E9DE /* expabar_progressdone.png in Resources */,
				73D3B0101833AF3400CADAD4 /* MainStoryboard_iPhone.storyboard in Resources */,
				7306134E184CCB240084E9DE /* lock_twitter.png in Resources */,
				73061344184CB3F60084E9DE /* menu_link.png in Resources */,
				73D3B0121833B16900CADAD4 /* Images.xcassets in Resources */,
				73EE3AF218448F5C00A24757 /* 3.jpeg in Resources */,
				73EE3AF318448F5C00A24757 /* 4.jpeg in Resources */,
				73D3B00D1833AE0300CADAD4 /* MainStoryboard_iPad.storyboard in Resources */,
				73EE3B7F1844BDAA00A24757 /* avatar.jpg in Resources */,
				73EE3B771844A3FD00A24757 /* shadow.png in Resources */,
				73061350184CD2350084E9DE /* defaultPrefs.plist in Resources */,
				73061343184CB3F60084E9DE /* menu_hamburger.png in Resources */,
				73061399184DBFB50084E9DE /* featureCheck.php in Resources */,
				7306139B184DBFB50084E9DE /* verifyProduct.php in Resources */,
				73061394184DBFB50084E9DE /* MKStoreKitConfigs.plist in Resources */,
				7306139A184DBFB50084E9DE /* requestAccess.php in Resources */,
			);
			runOnlyForDeploymentPostprocessing = 0;
		};
/* End PBXResourcesBuildPhase section */

/* Begin PBXSourcesBuildPhase section */
		016738C715C014D900F6861E /* Sources */ = {
			isa = PBXSourcesBuildPhase;
			buildActionMask = 2147483647;
			files = (
				730613331848E10E0084E9DE /* EnergyBarViewController.m in Sources */,
				73D6C81B1855E9A300EE610C /* TWTMenuViewController.m in Sources */,
				73C2DB7418506D0800AF3AE1 /* Things_level.m in Sources */,
				73EE3B911845EF3400A24757 /* CommonUserDefaults.m in Sources */,
				73061393184DBFB50084E9DE /* MKSKSubscriptionProduct.m in Sources */,
				7306139C184DBFB50084E9DE /* VerificationController.m in Sources */,
				73CFAF43184632E2008A0EA8 /* NSString+Hash.m in Sources */,
				73061390184DBFB50084E9DE /* NSData+MKBase64.m in Sources */,
				016738DC15C014DA00F6861E /* main.m in Sources */,
				730612D0184888C70084E9DE /* TasksTableViewController.m in Sources */,
				73D3B0151834BCC100CADAD4 /* MyNavigationControllerViewController.m in Sources */,
				7384C774184755DB00F59D9D /* DatabaseFromUrlBridge.m in Sources */,
				016738E015C014DA00F6861E /* AppDelegate.m in Sources */,
				73061395184DBFB50084E9DE /* MKStoreManager.m in Sources */,
				73061391184DBFB50084E9DE /* SFHFKeychainUtils.m in Sources */,
				730612DF1848911B0084E9DE /* TaskCell.m in Sources */,
				7384C77118473F7A00F59D9D /* FirstLoadingViewController.m in Sources */,
				73061392184DBFB50084E9DE /* MKSKProduct.m in Sources */,
				73D6C81C1855E9A300EE610C /* TWTSideMenuViewController.m in Sources */,
				73EE3B851844CD6B00A24757 /* EmbriaRequest.mm in Sources */,
				73C2DB7118506D0800AF3AE1 /* Things_list.m in Sources */,
				73EE3BA21845FB4400A24757 /* MainDataBase.xcdatamodeld in Sources */,
				73CFAF40184625DF008A0EA8 /* LoadSaveImageFromUrl.m in Sources */,
				011AEC3615C192A200F7F45A /* CustomCell.m in Sources */,
				73C2DB6E18506D0700AF3AE1 /* Things_task.m in Sources */,
				7306133E184C86610084E9DE /* CustomProgressBar.m in Sources */,
				010E09F415C222F000671511 /* ListTableViewController.m in Sources */,
			);
			runOnlyForDeploymentPostprocessing = 0;
		};
/* End PBXSourcesBuildPhase section */

/* Begin PBXVariantGroup section */
		016738D815C014DA00F6861E /* InfoPlist.strings */ = {
			isa = PBXVariantGroup;
			children = (
				016738D915C014DA00F6861E /* en */,
			);
			name = InfoPlist.strings;
			sourceTree = "<group>";
		};
		73D3B00B1833AE0300CADAD4 /* MainStoryboard_iPad.storyboard */ = {
			isa = PBXVariantGroup;
			children = (
				73D3B00C1833AE0300CADAD4 /* en */,
			);
			name = MainStoryboard_iPad.storyboard;
			sourceTree = "<group>";
		};
		73D3B00E1833AF3400CADAD4 /* MainStoryboard_iPhone.storyboard */ = {
			isa = PBXVariantGroup;
			children = (
				73D3B00F1833AF3400CADAD4 /* en */,
			);
			name = MainStoryboard_iPhone.storyboard;
			sourceTree = "<group>";
		};
/* End PBXVariantGroup section */

/* Begin XCBuildConfiguration section */
		016738E715C014DA00F6861E /* Debug */ = {
			isa = XCBuildConfiguration;
			buildSettings = {
				ALWAYS_SEARCH_USER_PATHS = NO;
				CLANG_ENABLE_OBJC_ARC = YES;
				CLANG_WARN_BOOL_CONVERSION = YES;
				CLANG_WARN_CONSTANT_CONVERSION = YES;
				CLANG_WARN_EMPTY_BODY = YES;
				CLANG_WARN_ENUM_CONVERSION = YES;
				CLANG_WARN_INT_CONVERSION = YES;
				CLANG_WARN__DUPLICATE_METHOD_MATCH = YES;
				"CODE_SIGN_IDENTITY[sdk=iphoneos*]" = "iPhone Developer";
				COMPRESS_PNG_FILES = NO;
				COPY_PHASE_STRIP = NO;
				GCC_C_LANGUAGE_STANDARD = gnu99;
				GCC_DYNAMIC_NO_PIC = NO;
				GCC_OPTIMIZATION_LEVEL = 0;
				GCC_PREPROCESSOR_DEFINITIONS = (
					"DEBUG=1",
					"$(inherited)",
				);
				GCC_SYMBOLS_PRIVATE_EXTERN = NO;
				GCC_VERSION = com.apple.compilers.llvm.clang.1_0;
				GCC_WARN_64_TO_32_BIT_CONVERSION = YES;
				GCC_WARN_ABOUT_RETURN_TYPE = YES;
				GCC_WARN_UNDECLARED_SELECTOR = YES;
				GCC_WARN_UNINITIALIZED_AUTOS = YES;
				GCC_WARN_UNUSED_FUNCTION = YES;
				GCC_WARN_UNUSED_VARIABLE = YES;
				IPHONEOS_DEPLOYMENT_TARGET = 5.1;
				ONLY_ACTIVE_ARCH = YES;
				SDKROOT = iphoneos;
				TARGETED_DEVICE_FAMILY = 2;
			};
			name = Debug;
		};
		016738E815C014DA00F6861E /* Release */ = {
			isa = XCBuildConfiguration;
			buildSettings = {
				ALWAYS_SEARCH_USER_PATHS = NO;
				CLANG_ENABLE_OBJC_ARC = YES;
				CLANG_WARN_BOOL_CONVERSION = YES;
				CLANG_WARN_CONSTANT_CONVERSION = YES;
				CLANG_WARN_EMPTY_BODY = YES;
				CLANG_WARN_ENUM_CONVERSION = YES;
				CLANG_WARN_INT_CONVERSION = YES;
				CLANG_WARN__DUPLICATE_METHOD_MATCH = YES;
				"CODE_SIGN_IDENTITY[sdk=iphoneos*]" = "iPhone Developer";
				COMPRESS_PNG_FILES = NO;
				COPY_PHASE_STRIP = YES;
				GCC_C_LANGUAGE_STANDARD = gnu99;
				GCC_VERSION = com.apple.compilers.llvm.clang.1_0;
				GCC_WARN_64_TO_32_BIT_CONVERSION = YES;
				GCC_WARN_ABOUT_RETURN_TYPE = YES;
				GCC_WARN_UNDECLARED_SELECTOR = YES;
				GCC_WARN_UNINITIALIZED_AUTOS = YES;
				GCC_WARN_UNUSED_FUNCTION = YES;
				GCC_WARN_UNUSED_VARIABLE = YES;
				IPHONEOS_DEPLOYMENT_TARGET = 5.1;
				OTHER_CFLAGS = "-DNS_BLOCK_ASSERTIONS=1";
				SDKROOT = iphoneos;
				TARGETED_DEVICE_FAMILY = 2;
				VALIDATE_PRODUCT = YES;
			};
			name = Release;
		};
		016738EA15C014DA00F6861E /* Debug */ = {
			isa = XCBuildConfiguration;
			buildSettings = {
				ALWAYS_SEARCH_USER_PATHS = YES;
				ASSETCATALOG_COMPILER_APPICON_NAME = AppIcon;
				ASSETCATALOG_COMPILER_LAUNCHIMAGE_NAME = LaunchImage;
				CODE_SIGN_IDENTITY = "iPhone Developer: Evgeny  Tuchkin (P34A62CXSF)";
				FRAMEWORK_SEARCH_PATHS = (
					"$(inherited)",
					"$(SRCROOT)/100GreatestThings/Library",
					/Users/baskakov/Documents/Development/100GreatThings/100GreatestThingsProject/100GreatestThings/Library,
				);
				GCC_PRECOMPILE_PREFIX_HEADER = YES;
				GCC_PREFIX_HEADER = "100GreatestThings/100GreatestThings-Prefix.pch";
				HEADER_SEARCH_PATHS = (
					"$(inherited)",
					/Applications/Xcode.app/Contents/Developer/Toolchains/XcodeDefault.xctoolchain/usr/include,
				);
				INFOPLIST_FILE = "100GreatestThings/100GreatestThings-Info.plist";
				IPHONEOS_DEPLOYMENT_TARGET = 7.0;
				LIBRARY_SEARCH_PATHS = "$(inherited)";
				OTHER_LDFLAGS = "-ObjC";
				PRODUCT_NAME = 100GreatestThings;
				PROVISIONING_PROFILE = "AC3885B5-95A1-4F2A-BBA4-D1EC8D8C67B9";
				TARGETED_DEVICE_FAMILY = 1;
				USER_HEADER_SEARCH_PATHS = "";
				WRAPPER_EXTENSION = app;
			};
			name = Debug;
		};
		016738EB15C014DA00F6861E /* Release */ = {
			isa = XCBuildConfiguration;
			buildSettings = {
				ALWAYS_SEARCH_USER_PATHS = YES;
				ASSETCATALOG_COMPILER_APPICON_NAME = AppIcon;
				ASSETCATALOG_COMPILER_LAUNCHIMAGE_NAME = LaunchImage;
				CODE_SIGN_IDENTITY = "iPhone Distribution: Evgeny  Tuchkin (XPTX49GTPU)";
				FRAMEWORK_SEARCH_PATHS = (
					"$(inherited)",
					"$(SRCROOT)/100GreatestThings/Library",
					/Users/baskakov/Documents/Development/100GreatThings/100GreatestThingsProject/100GreatestThings/Library,
				);
				GCC_PRECOMPILE_PREFIX_HEADER = YES;
				GCC_PREFIX_HEADER = "100GreatestThings/100GreatestThings-Prefix.pch";
				HEADER_SEARCH_PATHS = (
					"$(inherited)",
					/Applications/Xcode.app/Contents/Developer/Toolchains/XcodeDefault.xctoolchain/usr/include,
				);
				INFOPLIST_FILE = "100GreatestThings/100GreatestThings-Info.plist";
				IPHONEOS_DEPLOYMENT_TARGET = 7.0;
				LIBRARY_SEARCH_PATHS = "$(inherited)";
				OTHER_LDFLAGS = "-ObjC";
				PRODUCT_NAME = 100GreatestThings;
				PROVISIONING_PROFILE = "2846CA29-91E8-41DE-8A6F-4204D3931288";
				TARGETED_DEVICE_FAMILY = 1;
				USER_HEADER_SEARCH_PATHS = "";
				WRAPPER_EXTENSION = app;
			};
			name = Release;
		};
/* End XCBuildConfiguration section */

/* Begin XCConfigurationList section */
		016738C515C014D900F6861E /* Build configuration list for PBXProject "100GreatestThings" */ = {
			isa = XCConfigurationList;
			buildConfigurations = (
				016738E715C014DA00F6861E /* Debug */,
				016738E815C014DA00F6861E /* Release */,
			);
			defaultConfigurationIsVisible = 0;
			defaultConfigurationName = Release;
		};
		016738E915C014DA00F6861E /* Build configuration list for PBXNativeTarget "100GreatestThings" */ = {
			isa = XCConfigurationList;
			buildConfigurations = (
				016738EA15C014DA00F6861E /* Debug */,
				016738EB15C014DA00F6861E /* Release */,
			);
			defaultConfigurationIsVisible = 0;
			defaultConfigurationName = Release;
		};
/* End XCConfigurationList section */

/* Begin XCVersionGroup section */
		73EE3B9F1845FB4400A24757 /* MainDataBase.xcdatamodeld */ = {
			isa = XCVersionGroup;
			children = (
				73EE3BA01845FB4400A24757 /* MainDataBase.xcdatamodel */,
			);
			currentVersion = 73EE3BA01845FB4400A24757 /* MainDataBase.xcdatamodel */;
			path = MainDataBase.xcdatamodeld;
			sourceTree = "<group>";
			versionGroupType = wrapper.xcdatamodel;
		};
/* End XCVersionGroup section */
	};
	rootObject = 016738C215C014D900F6861E /* Project object */;
}
